Microsoft Visual Studio Solution File, Format Version 12.00
# Visual Studio Version 17
VisualStudioVersion = 17.0.31808.319
MinimumVisualStudioVersion = 10.0.40219.1
Project("{9A19103F-16F7-4668-BE54-9A1E7A4F7556}") = "InkyCal.Server", "InkyCal.Server\InkyCal.Server.csproj", "{21A41636-A851-432F-BAC3-514C626BC2BB}"
EndProject
Project("{9A19103F-16F7-4668-BE54-9A1E7A4F7556}") = "InkyCal.Utils", "InkyCal.Utils\InkyCal.Utils.csproj", "{15AD6A12-7B87-4DA0-B88B-C29C6E12E4EC}"
EndProject
Project("{9A19103F-16F7-4668-BE54-9A1E7A4F7556}") = "InkyCal.Utils.Tests", "InkyCal.Utils.Tests\InkyCal.Utils.Tests.csproj", "{7933D96B-FAF6-4EC6-9043-CEF6EA30494E}"
EndProject
Project("{2150E333-8FDC-42A3-9474-1A3956D46DE8}") = "Solution Items", "Solution Items", "{3D5C4A69-AE5A-462C-9AAC-76F2D4CDB57B}"
	ProjectSection(SolutionItems) = preProject
		.dockerignore = .dockerignore
		.editorconfig = .editorconfig
		.env = .env
		docker-compose.yml = docker-compose.yml
		Dockerfile = Dockerfile
		GenerateChangelog.bat = GenerateChangelog.bat
		GenerateChangelog.md = GenerateChangelog.md
		publish.bat = publish.bat
		README.md = README.md
		start.bat = start.bat
	EndProjectSection
EndProject
Project("{9A19103F-16F7-4668-BE54-9A1E7A4F7556}") = "InkyCal.Server.Config", "InkyCal.Server.Config\InkyCal.Server.Config.csproj", "{98C2494D-6E09-45CF-A3CD-769B561412A9}"
EndProject
Project("{9A19103F-16F7-4668-BE54-9A1E7A4F7556}") = "InkyCal.Models", "InkyCal.Models\InkyCal.Models.csproj", "{37554770-8F60-404C-8F31-DF9D76BC5BE9}"
EndProject
Project("{9A19103F-16F7-4668-BE54-9A1E7A4F7556}") = "InkyCal.Data", "InkyCal.Data\InkyCal.Data.csproj", "{BBC58E27-F128-4E1F-B8A8-0D0A8539133B}"
EndProject
Project("{7CF6DF6D-3B04-46F8-A40B-537D21BCA0B4}") = "inkycal.server.docs", "documentation\inkycal.server.docs.shfbproj", "{17249AE0-6CC9-47D2-A17E-FDB3B9EC0BEF}"
EndProject
Project("{9A19103F-16F7-4668-BE54-9A1E7A4F7556}") = "InkyCal.Data.Tests", "InkyCal.Data.Tests\InkyCal.Data.Tests.csproj", "{718273C0-5DE9-4179-9DA5-7433C4E1CE93}"
EndProject
Project("{E53339B2-1760-4266-BCC7-CA923CBCF16C}") = "docker-compose", "docker-compose.dcproj", "{CBD8E94F-AB38-44B5-AF53-473C95785130}"
EndProject
Global
	GlobalSection(SolutionConfigurationPlatforms) = preSolution
		Debug|Any CPU = Debug|Any CPU
		Release|Any CPU = Release|Any CPU
	EndGlobalSection
	GlobalSection(ProjectConfigurationPlatforms) = postSolution
		{21A41636-A851-432F-BAC3-514C626BC2BB}.Debug|Any CPU.ActiveCfg = Debug|Any CPU
		{21A41636-A851-432F-BAC3-514C626BC2BB}.Debug|Any CPU.Build.0 = Debug|Any CPU
		{21A41636-A851-432F-BAC3-514C626BC2BB}.Release|Any CPU.ActiveCfg = Release|Any CPU
		{21A41636-A851-432F-BAC3-514C626BC2BB}.Release|Any CPU.Build.0 = Release|Any CPU
		{15AD6A12-7B87-4DA0-B88B-C29C6E12E4EC}.Debug|Any CPU.ActiveCfg = Debug|Any CPU
		{15AD6A12-7B87-4DA0-B88B-C29C6E12E4EC}.Debug|Any CPU.Build.0 = Debug|Any CPU
		{15AD6A12-7B87-4DA0-B88B-C29C6E12E4EC}.Release|Any CPU.ActiveCfg = Release|Any CPU
		{15AD6A12-7B87-4DA0-B88B-C29C6E12E4EC}.Release|Any CPU.Build.0 = Release|Any CPU
		{7933D96B-FAF6-4EC6-9043-CEF6EA30494E}.Debug|Any CPU.ActiveCfg = Debug|Any CPU
		{7933D96B-FAF6-4EC6-9043-CEF6EA30494E}.Debug|Any CPU.Build.0 = Debug|Any CPU
		{7933D96B-FAF6-4EC6-9043-CEF6EA30494E}.Release|Any CPU.ActiveCfg = Release|Any CPU
		{7933D96B-FAF6-4EC6-9043-CEF6EA30494E}.Release|Any CPU.Build.0 = Release|Any CPU
		{98C2494D-6E09-45CF-A3CD-769B561412A9}.Debug|Any CPU.ActiveCfg = Debug|Any CPU
		{98C2494D-6E09-45CF-A3CD-769B561412A9}.Debug|Any CPU.Build.0 = Debug|Any CPU
		{98C2494D-6E09-45CF-A3CD-769B561412A9}.Release|Any CPU.ActiveCfg = Release|Any CPU
		{98C2494D-6E09-45CF-A3CD-769B561412A9}.Release|Any CPU.Build.0 = Release|Any CPU
		{37554770-8F60-404C-8F31-DF9D76BC5BE9}.Debug|Any CPU.ActiveCfg = Debug|Any CPU
		{37554770-8F60-404C-8F31-DF9D76BC5BE9}.Debug|Any CPU.Build.0 = Debug|Any CPU
		{37554770-8F60-404C-8F31-DF9D76BC5BE9}.Release|Any CPU.ActiveCfg = Release|Any CPU
		{37554770-8F60-404C-8F31-DF9D76BC5BE9}.Release|Any CPU.Build.0 = Release|Any CPU
		{BBC58E27-F128-4E1F-B8A8-0D0A8539133B}.Debug|Any CPU.ActiveCfg = Debug|Any CPU
		{BBC58E27-F128-4E1F-B8A8-0D0A8539133B}.Debug|Any CPU.Build.0 = Debug|Any CPU
		{BBC58E27-F128-4E1F-B8A8-0D0A8539133B}.Release|Any CPU.ActiveCfg = Release|Any CPU
		{BBC58E27-F128-4E1F-B8A8-0D0A8539133B}.Release|Any CPU.Build.0 = Release|Any CPU
		{17249AE0-6CC9-47D2-A17E-FDB3B9EC0BEF}.Debug|Any CPU.ActiveCfg = Debug|Any CPU
		{17249AE0-6CC9-47D2-A17E-FDB3B9EC0BEF}.Release|Any CPU.ActiveCfg = Release|Any CPU
		{718273C0-5DE9-4179-9DA5-7433C4E1CE93}.Debug|Any CPU.ActiveCfg = Debug|Any CPU
		{718273C0-5DE9-4179-9DA5-7433C4E1CE93}.Debug|Any CPU.Build.0 = Debug|Any CPU
		{718273C0-5DE9-4179-9DA5-7433C4E1CE93}.Release|Any CPU.ActiveCfg = Release|Any CPU
		{718273C0-5DE9-4179-9DA5-7433C4E1CE93}.Release|Any CPU.Build.0 = Release|Any CPU
		{CBD8E94F-AB38-44B5-AF53-473C95785130}.Debug|Any CPU.ActiveCfg = Debug|Any CPU
		{CBD8E94F-AB38-44B5-AF53-473C95785130}.Debug|Any CPU.Build.0 = Debug|Any CPU
		{CBD8E94F-AB38-44B5-AF53-473C95785130}.Release|Any CPU.ActiveCfg = Release|Any CPU
		{CBD8E94F-AB38-44B5-AF53-473C95785130}.Release|Any CPU.Build.0 = Release|Any CPU
	EndGlobalSection
	GlobalSection(SolutionProperties) = preSolution
		HideSolutionNode = FALSE
	EndGlobalSection
	GlobalSection(NestedProjects) = preSolution
		{17249AE0-6CC9-47D2-A17E-FDB3B9EC0BEF} = {3D5C4A69-AE5A-462C-9AAC-76F2D4CDB57B}
	EndGlobalSection
	GlobalSection(ExtensibilityGlobals) = postSolution
		SolutionGuid = {392EA233-6BCF-4D42-9396-EE01EA59E655}
	EndGlobalSection
EndGlobal
