{
  "version": 1,
  "dependencies": {
    "net7.0": {
      "Microsoft.CodeAnalysis.NetAnalyzers": {
        "type": "Direct",
        "requested": "[7.0.4, )",
        "resolved": "7.0.4",
        "contentHash": "qkdUzgth6IBtGvGjII8PZ1B+dfXZ4VPXzlIGeE444vJlih/cVFTCTzF2ZY9s1buK1yLnkkDcTVGH2kyUWbyPTw=="
      },
      "SonarAnalyzer.CSharp": {
        "type": "Direct",
        "requested": "[9.7.0.75501, )",
        "resolved": "9.7.0.75501",
        "contentHash": "Sj3c1W6uwi16iDNSeLi+/taVsBrueYMrtHXSyhlct7fSBRHmHZa1GgkEk55IwGsQhJC48fotcE6gSaWNean8gw=="
      }
    }
  }
}