{
  "version": 1,
  "dependencies": {
    "net9.0": {
      "Microsoft.CodeAnalysis.NetAnalyzers": {
        "type": "Direct",
        "requested": "[9.0.0, )",
        "resolved": "9.0.0",
        "contentHash": "JajbvkrBgtdRghavIjcJuNHMOja4lqBmEezbhZyqWPYh2cpLhT5mPpfC7NQVDO4IehWQum9t/nwF4v+qQGtYWg=="
      },
      "SonarAnalyzer.CSharp": {
        "type": "Direct",
        "requested": "[10.5.0.109200, )",
        "resolved": "10.5.0.109200",
        "contentHash": "yS8uepqf+HwSEZtkJR7O4siqfyGKX4Lu7mIB6TTppy59czq7qkFjZ+fB7NTRZg8a/Pu7tvwVhpEMcxUTiQZmSw=="
      }
    }
  }
}