{
  "version": 1,
  "dependencies": {
    "net9.0": {
      "Microsoft.CodeAnalysis.NetAnalyzers": {
        "type": "Direct",
        "requested": "[9.0.0, )",
        "resolved": "9.0.0",
        "contentHash": "JajbvkrBgtdRghavIjcJuNHMOja4lqBmEezbhZyqWPYh2cpLhT5mPpfC7NQVDO4IehWQum9t/nwF4v+qQGtYWg=="
      },
      "SonarAnalyzer.CSharp": {
        "type": "Direct",
        "requested": "[10.8.0.113526, )",
        "resolved": "10.8.0.113526",
        "contentHash": "2+Gk4w467coeL9ozQlAN9y0mwMj3XmlacFYZE0Ptz4LC4EkmMPwY5ygYPkwg9/xJ1SIShmoAC+5Sinb3khHDng=="
      }
    }
  }
}