{
  "version": 1,
  "dependencies": {
    "net10.0": {
      "AspNetCore.HealthChecks.SqlServer": {
        "type": "Direct",
        "requested": "[9.0.0, )",
        "resolved": "9.0.0",
        "contentHash": "UxCf65iCF2nU1u7AcB320abjL4CRg5swCgJECY6mKk1j5lrGMfVtskWwriGs1T29pYdRig9Vra3SPnP+4G82pA==",
        "dependencies": {
          "Microsoft.Data.SqlClient": "5.2.2"
        }
      },
      "Bugsnag.AspNet.Core": {
        "type": "Direct",
        "requested": "[4.1.0, )",
        "resolved": "4.1.0",
        "contentHash": "nUp/kFNUC+rH7FHWm/d0Ft3zNdrB3F4QtgThFORhmNfsJrL/EroMQoCQo5MElbjxpKBuwwXmhyv4Oo1+n3oYZA==",
        "dependencies": {
          "Bugsnag": "4.1.0",
          "Microsoft.Extensions.DiagnosticAdapter": "3.1.32"
        }
      },
      "Humanizer": {
        "type": "Direct",
        "requested": "[3.0.1, )",
        "resolved": "3.0.1",
        "contentHash": "uRZV5kBBsgDO4ImrjmsJOcx7OGUb5nIlj2Yhm7aWzqJHv2ymMAMcAIvkHbHzE6Z35tYRz3u83lmXJ8vUGsuCFg==",
        "dependencies": {
          "Humanizer.Core.af": "3.0.1",
          "Humanizer.Core.ar": "3.0.1",
          "Humanizer.Core.az": "3.0.1",
          "Humanizer.Core.bg": "3.0.1",
          "Humanizer.Core.bn": "3.0.1",
          "Humanizer.Core.ca": "3.0.1",
          "Humanizer.Core.cs": "3.0.1",
          "Humanizer.Core.da": "3.0.1",
          "Humanizer.Core.de": "3.0.1",
          "Humanizer.Core.el": "3.0.1",
          "Humanizer.Core.es": "3.0.1",
          "Humanizer.Core.fa": "3.0.1",
          "Humanizer.Core.fi": "3.0.1",
          "Humanizer.Core.fil": "3.0.1",
          "Humanizer.Core.fr": "3.0.1",
          "Humanizer.Core.he": "3.0.1",
          "Humanizer.Core.hr": "3.0.1",
          "Humanizer.Core.hu": "3.0.1",
          "Humanizer.Core.hy": "3.0.1",
          "Humanizer.Core.id": "3.0.1",
          "Humanizer.Core.is": "3.0.1",
          "Humanizer.Core.it": "3.0.1",
          "Humanizer.Core.ja": "3.0.1",
          "Humanizer.Core.ko": "3.0.1",
          "Humanizer.Core.ku": "3.0.1",
          "Humanizer.Core.lb": "3.0.1",
          "Humanizer.Core.lt": "3.0.1",
          "Humanizer.Core.lv": "3.0.1",
          "Humanizer.Core.ms": "3.0.1",
          "Humanizer.Core.mt": "3.0.1",
          "Humanizer.Core.nb": "3.0.1",
          "Humanizer.Core.nl": "3.0.1",
          "Humanizer.Core.pl": "3.0.1",
          "Humanizer.Core.pt": "3.0.1",
          "Humanizer.Core.pt-BR": "3.0.1",
          "Humanizer.Core.ro": "3.0.1",
          "Humanizer.Core.ru": "3.0.1",
          "Humanizer.Core.sk": "3.0.1",
          "Humanizer.Core.sl": "3.0.1",
          "Humanizer.Core.sr": "3.0.1",
          "Humanizer.Core.sr-Latn": "3.0.1",
          "Humanizer.Core.sv": "3.0.1",
          "Humanizer.Core.th": "3.0.1",
          "Humanizer.Core.tr": "3.0.1",
          "Humanizer.Core.uk": "3.0.1",
          "Humanizer.Core.uz-Cyrl-UZ": "3.0.1",
          "Humanizer.Core.uz-Latn-UZ": "3.0.1",
          "Humanizer.Core.vi": "3.0.1",
          "Humanizer.Core.zh-CN": "3.0.1",
          "Humanizer.Core.zh-Hans": "3.0.1",
          "Humanizer.Core.zh-Hant": "3.0.1"
        }
      },
      "Magick.NET.Core": {
        "type": "Direct",
        "requested": "[14.10.3, )",
        "resolved": "14.10.3",
        "contentHash": "Shb3KrAMFB49+j7nJ2uVbNBuGg+rEAoOpIDmR2A/sSbQ21l4vrPY8Py90chcndGcjzvhqZWk69SMmb8v5esOjA=="
      },
      "Markdig.Signed": {
        "type": "Direct",
        "requested": "[0.44.0, )",
        "resolved": "0.44.0",
        "contentHash": "mNxf8HrQA/clO8usqQhVc0BGlw0bJtZ76dic5KZGBPJZDX4UR67Jglwilkp5A//gPSMwcoY5EjLPppkZ/B4IMg=="
      },
      "Microsoft.AspNetCore.App.Internal.Assets": {
        "type": "Direct",
        "requested": "[10.0.0, )",
        "resolved": "10.0.0",
        "contentHash": "0gZrESKwnlmbE8Br8XIy3kk7Pj0++9T2Ly+A8BFYYgo5EgfqWEln26cho+l92KOaHUzclhvz314RiwE910s24g=="
      },
      "Microsoft.AspNetCore.Diagnostics.EntityFrameworkCore": {
        "type": "Direct",
        "requested": "[10.0.2, )",
        "resolved": "10.0.2",
        "contentHash": "KYaTN5QrdL6OJjLSw81XjQ2mycVTN8JF1ZQZIHKMAz15y76QRCiVD4bUnxL2q9ZKlkerUF4WxuKuqAyP9wC4Lg==",
        "dependencies": {
          "Microsoft.EntityFrameworkCore.Relational": "10.0.2"
        }
      },
      "Microsoft.AspNetCore.Identity.UI": {
        "type": "Direct",
        "requested": "[10.0.2, )",
        "resolved": "10.0.2",
        "contentHash": "DXskKfO8Y5XQw0PV+PJFc38mU99yC//+MIFazEL2eUqEgyRl1m3rGR9+TPOoxoMERpr9KuRGiQXmwb9Vg1EE7w==",
        "dependencies": {
          "Microsoft.Extensions.FileProviders.Embedded": "10.0.2"
        }
      },
      "Microsoft.CodeAnalysis.NetAnalyzers": {
        "type": "Direct",
        "requested": "[10.0.102, )",
        "resolved": "10.0.102",
        "contentHash": "4toG7NN4bwoIt5KAUJd8vhJQt5vwaLTBWdDOSeyaAAQP1wXLIkVshsMtKMIrPGpm0w+pHFpX7ffWqdB6ZAinoQ=="
      },
      "Microsoft.EntityFrameworkCore.Tools": {
        "type": "Direct",
        "requested": "[10.0.2, )",
        "resolved": "10.0.2",
        "contentHash": "Q7s7zCjEikOn4e7yS7kMPm3xkKR7CdfUhmN/sdFsKLslvS/iGS8zQUROvZRkbxRISA2SJ6sfho0cX8F8lo1khQ==",
        "dependencies": {
          "Microsoft.EntityFrameworkCore.Design": "10.0.2"
        }
      },
      "Microsoft.VisualStudio.Azure.Containers.Tools.Targets": {
        "type": "Direct",
        "requested": "[1.23.0, )",
        "resolved": "1.23.0",
        "contentHash": "2wDnb4umupJZ/1ikgWozFVpggH1mlHQFc0odXVv2ZagL3RYwXgW9zmC15fiqIBzmaC0vLZUnLGwDY+p8ZR7Syw=="
      },
      "MiniProfiler.AspNetCore.Mvc": {
        "type": "Direct",
        "requested": "[4.5.4, )",
        "resolved": "4.5.4",
        "contentHash": "+NqXyCy9aNdroPm6leW5+cpngtCnkCdoyOlJzvVN62uucSx+MYkx8jmKbgAt+aCP6aghADfHBExwrTIldHxapg==",
        "dependencies": {
          "MiniProfiler.AspNetCore": "4.5.4"
        }
      },
      "MiniProfiler.EntityFrameworkCore": {
        "type": "Direct",
        "requested": "[4.5.4, )",
        "resolved": "4.5.4",
        "contentHash": "SSOuBYtNbM8AMmsYMP6Edr7iBfVYzswVt/yoIDboBRLLUgkA4SyROCJuTTtZ8eJSzlNuq5DIR+BLCCcigaV/vw==",
        "dependencies": {
          "Microsoft.EntityFrameworkCore.Relational": "8.0.11",
          "MiniProfiler.Shared": "4.5.4"
        }
      },
      "Sentry.AspNetCore": {
        "type": "Direct",
        "requested": "[6.0.0, )",
        "resolved": "6.0.0",
        "contentHash": "PI8Zx2IHI8r88rBn73B/5IXGIAG4LHXECjWhk58IXI/b2iHuBlbJKtv6onzfySOs3TFPhmfRtYkVI5nAYWALVQ==",
        "dependencies": {
          "Sentry.Extensions.Logging": "6.0.0"
        }
      },
      "SonarAnalyzer.CSharp": {
        "type": "Direct",
        "requested": "[10.18.0.131500, )",
        "resolved": "10.18.0.131500",
        "contentHash": "Rbad71/k5e8MfG81i03Yh2YQQgovIdmyhWcLRevrcW4h9i1DUB3kKX9O1QiOGXcULLjkTdRAXdR8A8XtinL3Pg=="
      },
      "Swashbuckle.AspNetCore": {
        "type": "Direct",
        "requested": "[10.1.0, )",
        "resolved": "10.1.0",
        "contentHash": "CvOffaJKStoP0hdfCIX4V/9wuwRkSOJd+PehGo/Y5ALh0WYliLwuMlyh1BbgG7uQtJNe1k5P7QIhIaFfZ/aJAw==",
        "dependencies": {
          "Microsoft.Extensions.ApiDescription.Server": "10.0.0",
          "Swashbuckle.AspNetCore.Swagger": "10.1.0",
          "Swashbuckle.AspNetCore.SwaggerGen": "10.1.0",
          "Swashbuckle.AspNetCore.SwaggerUI": "10.1.0"
        }
      },
      "System.Runtime.Caching": {
        "type": "Direct",
        "requested": "[10.0.2, )",
        "resolved": "10.0.2",
        "contentHash": "AGEWTfcRquE3Ggd1KgZcc7Y0He3dvDWv+LEtSp/Az582APXoYj/LjxLMEA2jT3wFE8zgBjwbU/apE5kDanfRqw==",
        "dependencies": {
          "System.Configuration.ConfigurationManager": "10.0.2"
        }
      },
      "Azure.Core": {
        "type": "Transitive",
        "resolved": "1.50.0",
        "contentHash": "GBNKZEhdIbTXxedvD3R7I/yDVFX9jJJEz02kCziFSJxspSQ5RMHc3GktulJ1s7+ffXaXD7kMgrtdQTaggyInLw==",
        "dependencies": {
          "Microsoft.Bcl.AsyncInterfaces": "8.0.0",
          "System.ClientModel": "1.8.0",
          "System.Memory.Data": "8.0.1"
        }
      },
      "Azure.Identity": {
        "type": "Transitive",
        "resolved": "1.17.1",
        "contentHash": "MSZkBrctcpiGxs9Cvr2VKKoN6qFLZlP3I6xuCWJ9iTgitI5Rgxtk5gfOSpXPZE3+CJmZ/mnqpQyGyjawFn5Vvg==",
        "dependencies": {
          "Azure.Core": "1.50.0",
          "Microsoft.Identity.Client": "4.78.0",
          "Microsoft.Identity.Client.Extensions.Msal": "4.78.0"
        }
      },
      "Bugsnag": {
        "type": "Transitive",
        "resolved": "4.1.0",
        "contentHash": "ILuC9EbEMRv+7p0Kf5BJp7smyKVerOlunRTlycUuzGrZM050jwSMpQIMlNo9THc6+Z68leJQuqXufcfDJ+K37g=="
      },
      "Google.Apis": {
        "type": "Transitive",
        "resolved": "1.73.0",
        "contentHash": "TnCjEyV2aCLQ6Zl40OCbEJULDuEkEWc6C/g81KYw5l1PqGo+G7pFZrV+YH8XgUL0JRUanz+IrUp8SsKF4dzkqg==",
        "dependencies": {
          "Google.Apis.Core": "1.73.0"
        }
      },
      "Google.Apis.Auth": {
        "type": "Transitive",
        "resolved": "1.73.0",
        "contentHash": "wEu12uhnRv3zrPBSqv4E2vPH6lYLtc1RPAnU9MJRCMFlBVwZ7Lnq3NfbYXi6VG7EurkYInTaMpeBZkbM/HrAog==",
        "dependencies": {
          "Google.Apis": "1.73.0",
          "Google.Apis.Core": "1.73.0",
          "System.Management": "7.0.2"
        }
      },
      "Google.Apis.Calendar.v3": {
        "type": "Transitive",
        "resolved": "1.73.0.3993",
        "contentHash": "P2b2QhOke3mq00SW4UXOAltTk9UpWqQfNaxqdKgppa8IMH016psdZHjqyVHGk5XHYDS1801jEKqWGfjg68xIew==",
        "dependencies": {
          "Google.Apis": "1.73.0",
          "Google.Apis.Auth": "1.73.0"
        }
      },
      "Google.Apis.Core": {
        "type": "Transitive",
        "resolved": "1.73.0",
        "contentHash": "vSc7CY4KCP7HE4QTElDx/ExnGLbg9kXb89MS6cdvI+0D4sxvTYb16vGtXmF2jSDMV3iDmykSXdIUPTz8TDS6gg==",
        "dependencies": {
          "Newtonsoft.Json": "13.0.4"
        }
      },
      "Google.Apis.Oauth2.v2": {
        "type": "Transitive",
        "resolved": "1.68.0.1869",
        "contentHash": "6gf5dpi6d+sezfRwqEfA9lDfP7OT5ZrQFgiO1r2jDS8rkMpxaS6/mpTsyW/EgcXr8R4NEHIbAN4FvZClRq0+Zg==",
        "dependencies": {
          "Google.Apis": "1.68.0",
          "Google.Apis.Auth": "1.68.0"
        }
      },
      "Humanizer.Core": {
        "type": "Transitive",
        "resolved": "3.0.1",
        "contentHash": "scB3+KcxNmEjZK5V8rKCW2gIiL8m8KH91w14FuuExyhi9xTyAJ+jr+DDxGdy12mHmioe2uvjxTfMgM7WmSUFlw=="
      },
      "Humanizer.Core.af": {
        "type": "Transitive",
        "resolved": "3.0.1",
        "contentHash": "LKNTk2cl3wkK4Nhkbi7YQ0OnxzUvmJNOCUjCwy7rk/NBSSz909HfvC6eshjjWX1owE5Fnk5fyHzq//5vN0IOfw==",
        "dependencies": {
          "Humanizer.Core": "[3.0.1]"
        }
      },
      "Humanizer.Core.ar": {
        "type": "Transitive",
        "resolved": "3.0.1",
        "contentHash": "c4V0Kq4HSL9dCfTHiWrs/75E/2j0X+N5Sto+a+0BbUB5o5+Tr1aE0D99amCQPnDb6GeU/v/Cxejdhmtyu9TWwQ==",
        "dependencies": {
          "Humanizer.Core": "[3.0.1]"
        }
      },
      "Humanizer.Core.az": {
        "type": "Transitive",
        "resolved": "3.0.1",
        "contentHash": "ZOdgketyLCdqswUMCY//oM/zIctTxW542GoE6xa+VJ6kAZ6KjDcYJORxkTaK+q7pXW7u/KiGKEH2E71WiePG8w==",
        "dependencies": {
          "Humanizer.Core": "[3.0.1]"
        }
      },
      "Humanizer.Core.bg": {
        "type": "Transitive",
        "resolved": "3.0.1",
        "contentHash": "b0cHZdnOEHc/3GHlo3dwsDZY8Gf/YZZ2u1znVfPRdOxjUfbUIA1SrNynNXgKiqWIKoG6ugprEkmD7p+/OF3AdA==",
        "dependencies": {
          "Humanizer.Core": "[3.0.1]"
        }
      },
      "Humanizer.Core.bn": {
        "type": "Transitive",
        "resolved": "3.0.1",
        "contentHash": "vGmTf3p4jcCO9C9F5Z04pGnuLvfKQMQnbxvtY2qsIUJEqmQ5lZ1/F0CzOd6Rvbx3dIhQ+0wDoXE3iYEmmBAQTw==",
        "dependencies": {
          "Humanizer.Core": "[3.0.1]"
        }
      },
      "Humanizer.Core.ca": {
        "type": "Transitive",
        "resolved": "3.0.1",
        "contentHash": "AG8zl+fXOl6B9XrjPl+L2emKHNkygO7/7TwecNdmVRQNCSxxvm214K81RGMFEyPpTmUKpwx6Uqv8ADbjjonGMQ==",
        "dependencies": {
          "Humanizer.Core": "[3.0.1]"
        }
      },
      "Humanizer.Core.cs": {
        "type": "Transitive",
        "resolved": "3.0.1",
        "contentHash": "UAt+Nfe2bjK6b2RD0paI/755I8tbFGu4rfwNAUKUM/M7n+F5MLHTlSaRZiKsd45s92WvXxOrkO3bccFRNL2Amw==",
        "dependencies": {
          "Humanizer.Core": "[3.0.1]"
        }
      },
      "Humanizer.Core.da": {
        "type": "Transitive",
        "resolved": "3.0.1",
        "contentHash": "DTRHLcwR3WLCwz8M3O5FeZFHdssPdIKkTMJbDm6s93ae/K7hrOrTGPlCkv1yE9ZobKAIUxB9Wdm9YSfDxhngTQ==",
        "dependencies": {
          "Humanizer.Core": "[3.0.1]"
        }
      },
      "Humanizer.Core.de": {
        "type": "Transitive",
        "resolved": "3.0.1",
        "contentHash": "MGgIR1+RDxJUctd40yP4xBI7afd3agcGcq6vLd06NhtBInicTeswu1iaBYKOh0rciY86pl4Nww/B0Cg7rXUZUQ==",
        "dependencies": {
          "Humanizer.Core": "[3.0.1]"
        }
      },
      "Humanizer.Core.el": {
        "type": "Transitive",
        "resolved": "3.0.1",
        "contentHash": "XS0TXXGf+Ei3lQJmyptLAZzCfY7Ffkv1O2sZrW5uA7pWnSjsupMZjSmEv2X4oo7Zu1ZRK+bB9S0e7rkqDWpn8A==",
        "dependencies": {
          "Humanizer.Core": "[3.0.1]"
        }
      },
      "Humanizer.Core.es": {
        "type": "Transitive",
        "resolved": "3.0.1",
        "contentHash": "6yqGUvfwQfzKwR5ocYIG+qUoPG2SDua7WaaEb9O0xTT1QmqRL0Crzsc07ciHgOZilKB079YDJh1F9ltHFZZyxA==",
        "dependencies": {
          "Humanizer.Core": "[3.0.1]"
        }
      },
      "Humanizer.Core.fa": {
        "type": "Transitive",
        "resolved": "3.0.1",
        "contentHash": "V3F+5SMORKekzej0m89qu5zm76Kqe0I016qBHjwsy7jd1nL3xnEEixPatqQoMtluWw8mUUL3NTYC7EFTR7AEZw==",
        "dependencies": {
          "Humanizer.Core": "[3.0.1]"
        }
      },
      "Humanizer.Core.fi": {
        "type": "Transitive",
        "resolved": "3.0.1",
        "contentHash": "fg8ZPwuheKZ5dZn8cc12c9KWJlugwhvXCvGymRKF8E5wETvkz4a/aVRaGaA0euCf1fbou+LT7JvPkWanow5sVA==",
        "dependencies": {
          "Humanizer.Core": "[3.0.1]"
        }
      },
      "Humanizer.Core.fil": {
        "type": "Transitive",
        "resolved": "3.0.1",
        "contentHash": "Fuld+Fb3fSuxsVzaLV+It4CNQgXX3kwo3ZDOYD+vyJQ3miEmbswB79wrCsxzF9vD6dxSEUM6c1RuOHlQApQiSw==",
        "dependencies": {
          "Humanizer.Core": "[3.0.1]"
        }
      },
      "Humanizer.Core.fr": {
        "type": "Transitive",
        "resolved": "3.0.1",
        "contentHash": "YvBU3L/8yWGO5TZG9wuZejcAFyYKUYUBcRd/0aBj29yAFaU7AxOVMDkvAZ4Djjvqaa2FGM+5aURfS7V4vMfegA==",
        "dependencies": {
          "Humanizer.Core": "[3.0.1]"
        }
      },
      "Humanizer.Core.he": {
        "type": "Transitive",
        "resolved": "3.0.1",
        "contentHash": "/cUou0hORxlbXBwwHh7PtZ1i0hlBbD9QkoOBYEwmr7e+xIyVNfH6lAfGS0ZPsuX+QHRzCn4mURK/hBaLKDVolw==",
        "dependencies": {
          "Humanizer.Core": "[3.0.1]"
        }
      },
      "Humanizer.Core.hr": {
        "type": "Transitive",
        "resolved": "3.0.1",
        "contentHash": "F6zCt7cAKPZhHK0M26Gj+HttdYAEPt/JPEZ7I8Bk6pBDSXikq97Zn8Vj0UUj1MWYIDul2L4UP9+B41bXn/xe/A==",
        "dependencies": {
          "Humanizer.Core": "[3.0.1]"
        }
      },
      "Humanizer.Core.hu": {
        "type": "Transitive",
        "resolved": "3.0.1",
        "contentHash": "NrtTiA0vbU0qvWY6BCbJy/6dMoknrw/tfyHVXUDNSGcWRAqv5S7yiaYufSxaHiyUM4l8I5ZNZII2KJ7iqqL8sg==",
        "dependencies": {
          "Humanizer.Core": "[3.0.1]"
        }
      },
      "Humanizer.Core.hy": {
        "type": "Transitive",
        "resolved": "3.0.1",
        "contentHash": "aLjHh5XmzDI1pfGzN+z3bPVCgek8Z0K50MTyhaMKFWssa0PdqPFuwoF7ZwI1cyonZzif1LB1r6Ibrvgmw5OhQg==",
        "dependencies": {
          "Humanizer.Core": "[3.0.1]"
        }
      },
      "Humanizer.Core.id": {
        "type": "Transitive",
        "resolved": "3.0.1",
        "contentHash": "gpgTbOlZjnt+36Qn6KuNk+iO8zpc+Xg4YK8QazARmV71Jw2AFgWJHRZJZG0aUO+ssEAkAxVrpXxxKrTsUZjAtA==",
        "dependencies": {
          "Humanizer.Core": "[3.0.1]"
        }
      },
      "Humanizer.Core.is": {
        "type": "Transitive",
        "resolved": "3.0.1",
        "contentHash": "4RRKEa3ob42dDemSfP1oeo4Yp3U3kU21JivMdFFxsAW6mb8f7yUvGHCVe/FT3Jp1NvXhM3RS2s5vHbBrpDU8cg==",
        "dependencies": {
          "Humanizer.Core": "[3.0.1]"
        }
      },
      "Humanizer.Core.it": {
        "type": "Transitive",
        "resolved": "3.0.1",
        "contentHash": "pdKh1KxTDi5tQsT2rpChPWeLss7h2AsZB+RZrrTS9mkx1dFPw7aJfLDOP6mGiCSwjV16s9bJDOvTmIMgmbXfYA==",
        "dependencies": {
          "Humanizer.Core": "[3.0.1]"
        }
      },
      "Humanizer.Core.ja": {
        "type": "Transitive",
        "resolved": "3.0.1",
        "contentHash": "qQtb0A759FWcxs8wmrzSQDi97yXxwQQFgBmhYMJ/pll+meAO893jMd5qR9VzRkTTRjCAdU0wTVDWO3rpC7YBAQ==",
        "dependencies": {
          "Humanizer.Core": "[3.0.1]"
        }
      },
      "Humanizer.Core.ko": {
        "type": "Transitive",
        "resolved": "3.0.1",
        "contentHash": "pMkFipRR20mcBWILGNPryzmKdJXYsD24IfNpqWsAiEX4+/c+g+M9YUJwLbdY0oEi792Y3irdWUI1IpnfPcY8Iw==",
        "dependencies": {
          "Humanizer.Core": "[3.0.1]"
        }
      },
      "Humanizer.Core.ku": {
        "type": "Transitive",
        "resolved": "3.0.1",
        "contentHash": "7FZAyQ9qzJMrkDNSkrqcqx0ob7sdg0RWYI/M3yz6IaB5v8nqWO2WnPbPq78XGKGgL/fOiBT2XVKVqKYkdLrulA==",
        "dependencies": {
          "Humanizer.Core": "[3.0.1]"
        }
      },
      "Humanizer.Core.lb": {
        "type": "Transitive",
        "resolved": "3.0.1",
        "contentHash": "ktEeiniJT4syJvPnTXp+bcTQ6R6R7+Je9isCUKrmuDEoRJNr6OoFu36K5RTtvlUsasI7Ru2KP94uSSVnUcSLrA==",
        "dependencies": {
          "Humanizer.Core": "[3.0.1]"
        }
      },
      "Humanizer.Core.lt": {
        "type": "Transitive",
        "resolved": "3.0.1",
        "contentHash": "r5nkmODEYCb/wzmn1+ERWVuZQWLLF8n/zf5e82GSGXo1mgt00wTBLcduGUwIlaWsPo5zAS4eiWCkGLNezPfgLw==",
        "dependencies": {
          "Humanizer.Core": "[3.0.1]"
        }
      },
      "Humanizer.Core.lv": {
        "type": "Transitive",
        "resolved": "3.0.1",
        "contentHash": "4rsHaWK0iyYyHzWN83OZv1RcS8Ho96YoVPq0ZKrlSTfR5ig4xeDacjkoQOxBWDDEUFOlvR3Snno8xWQCE2dI1w==",
        "dependencies": {
          "Humanizer.Core": "[3.0.1]"
        }
      },
      "Humanizer.Core.ms": {
        "type": "Transitive",
        "resolved": "3.0.1",
        "contentHash": "9wHegXMF9bYdbtXGxkOBTB69pk3U3l3xN1JLhTSUyC3ZhzTlBILCewk93afthIOV+vaiQZlZzpK6WDe/ScRS7w==",
        "dependencies": {
          "Humanizer.Core": "[3.0.1]"
        }
      },
      "Humanizer.Core.mt": {
        "type": "Transitive",
        "resolved": "3.0.1",
        "contentHash": "I0kph898CunykQr+6gcXzMhlfuPBgUWY1l4+9Puqemm/WRJV4rdW+AVsGicqtwa5Fs2gFfrbtEVKrc1detS88A==",
        "dependencies": {
          "Humanizer.Core": "[3.0.1]"
        }
      },
      "Humanizer.Core.nb": {
        "type": "Transitive",
        "resolved": "3.0.1",
        "contentHash": "QopJKzTLbjA9z1+YqLRxLrlaXqCnjpAuT9ta3BlT1IZmaFijleh1TvsjmA1l7qkkKqUoumPR7L81Vh6CQu9/GA==",
        "dependencies": {
          "Humanizer.Core": "[3.0.1]"
        }
      },
      "Humanizer.Core.nl": {
        "type": "Transitive",
        "resolved": "3.0.1",
        "contentHash": "j5ddH/XUltLWrPZpHehjQwpPIfHoOUQqi6MCJpJUo106k2TPe+ipyzkhnnnibk9qK+Hd81ov817DhbAbbD2A7A==",
        "dependencies": {
          "Humanizer.Core": "[3.0.1]"
        }
      },
      "Humanizer.Core.pl": {
        "type": "Transitive",
        "resolved": "3.0.1",
        "contentHash": "WjOfc4AzpOZBNlCHsAASbTlvmv3kgQLW3h3vabx66QoehEGl/Kllq4GlNGQRc9kVLUVF7upVC4jSE7MjjtADlA==",
        "dependencies": {
          "Humanizer.Core": "[3.0.1]"
        }
      },
      "Humanizer.Core.pt": {
        "type": "Transitive",
        "resolved": "3.0.1",
        "contentHash": "/OehqYW5xklbEPr0aAYRLmc33/71OqPVjdmU5aYj3KcbNWFI+O0YhfdP2SQITEJGbkSXfr5YdsavkLzEMEfgOg==",
        "dependencies": {
          "Humanizer.Core": "[3.0.1]"
        }
      },
      "Humanizer.Core.pt-BR": {
        "type": "Transitive",
        "resolved": "3.0.1",
        "contentHash": "bZ1UXCWJtsboUjGREGrwO1ppyHj0cr1Z8xXc5IM7WyxVWnowYGBhyerqKO/Lwr8kdpmJncstSB4FsKnSjM39HQ==",
        "dependencies": {
          "Humanizer.Core": "[3.0.1]"
        }
      },
      "Humanizer.Core.ro": {
        "type": "Transitive",
        "resolved": "3.0.1",
        "contentHash": "ua23bRGks2wu4ZSRto8f2KRCBug0DjqmPylMlRT+I4geCGNlnrRdf5917gLaqyPQJ6eCDkKGET3D8D/lackB6Q==",
        "dependencies": {
          "Humanizer.Core": "[3.0.1]"
        }
      },
      "Humanizer.Core.ru": {
        "type": "Transitive",
        "resolved": "3.0.1",
        "contentHash": "Hffw9P/yRVOKwB0S+0878ve7wvHKBS22rqKiaJW6nr1VfmNSFNKdo1tYG9lkwT1POMy3g5b0xi0YqqEmUXtpWQ==",
        "dependencies": {
          "Humanizer.Core": "[3.0.1]"
        }
      },
      "Humanizer.Core.sk": {
        "type": "Transitive",
        "resolved": "3.0.1",
        "contentHash": "kb5oyCUqc7/WDX8fAD37rQveV/Cy9gXcFKy3rKc0sEoDHWIkgVg3y6sW8sPYG4sTuREkDbsOtifRLI+nnsr3Lg==",
        "dependencies": {
          "Humanizer.Core": "[3.0.1]"
        }
      },
      "Humanizer.Core.sl": {
        "type": "Transitive",
        "resolved": "3.0.1",
        "contentHash": "FNtrA7C13LUlpvz88tlsomW/KvlZ0S85MpOrxB5LomdmwJtuE6qAVicFsgEJFfCohqEh9RYJ6u5J2QLmtrXJrg==",
        "dependencies": {
          "Humanizer.Core": "[3.0.1]"
        }
      },
      "Humanizer.Core.sr": {
        "type": "Transitive",
        "resolved": "3.0.1",
        "contentHash": "mhxLDwyt9BdsHPdeVBDrJfZee8IMl2sx1edf1UzUe+L5R3iXX4DvDnM7+f3+WfKryPQQtTCAeovMy+jlC4O4NQ==",
        "dependencies": {
          "Humanizer.Core": "[3.0.1]"
        }
      },
      "Humanizer.Core.sr-Latn": {
        "type": "Transitive",
        "resolved": "3.0.1",
        "contentHash": "t4YT2guMSknD9c1FhrhhPVpxzQTrk4HxecOcKM8A18FMCnA6s/PbAF0ryjWvNo9Tnzzh8dS3VVlVKAm3S0cQcA==",
        "dependencies": {
          "Humanizer.Core": "[3.0.1]"
        }
      },
      "Humanizer.Core.sv": {
        "type": "Transitive",
        "resolved": "3.0.1",
        "contentHash": "GEjSEUWI0Mve2ZpUJa5YwmHWa8/FCc/Hsea7LiSp41gHWkvmh5HCC2wsz/39sc+C+FgA7OEUvXHDLC/Z3p0Hew==",
        "dependencies": {
          "Humanizer.Core": "[3.0.1]"
        }
      },
      "Humanizer.Core.th": {
        "type": "Transitive",
        "resolved": "3.0.1",
        "contentHash": "4g7znXXhYO7kyOhyqYp84Sv25q4LhVQjjY1JIaKXjpfKfDcYSmZ0aUyOXg14SvYbIinOvPR2XEiYdHHyT/uzDA==",
        "dependencies": {
          "Humanizer.Core": "[3.0.1]"
        }
      },
      "Humanizer.Core.tr": {
        "type": "Transitive",
        "resolved": "3.0.1",
        "contentHash": "g36S6Qo9BJumD7AQYux9/2pzQ2FFmRx4YJ7pOqz9UbJ/S2Ic1w3gGNU1YxnNnHTmPHEpo7abQFkCeh/47e0cMg==",
        "dependencies": {
          "Humanizer.Core": "[3.0.1]"
        }
      },
      "Humanizer.Core.uk": {
        "type": "Transitive",
        "resolved": "3.0.1",
        "contentHash": "tWPIN7k+S8skLeb1SPvOrM+6gonNkwj636hsGorKwua9Z2ggr41YB8gdx1wj52yCJ1wckLbjz5+l/6KVBpen6g==",
        "dependencies": {
          "Humanizer.Core": "[3.0.1]"
        }
      },
      "Humanizer.Core.uz-Cyrl-UZ": {
        "type": "Transitive",
        "resolved": "3.0.1",
        "contentHash": "3TRikS82eHOxeIXU0iKI26hAj0vLrx7beHtv6zsSpbp4akqUHWv15c9TP0hGVFSz+WOOWZPfpoRSEet4JsWPqA==",
        "dependencies": {
          "Humanizer.Core": "[3.0.1]"
        }
      },
      "Humanizer.Core.uz-Latn-UZ": {
        "type": "Transitive",
        "resolved": "3.0.1",
        "contentHash": "+O91D1kwMQ3EGSWl42RU9PBJu1hTyfcezVFE2FcdPi1YuPjT5FpPdjq0NUFujAUa5xSSxcfTI/Ultx6WXlAjOw==",
        "dependencies": {
          "Humanizer.Core": "[3.0.1]"
        }
      },
      "Humanizer.Core.vi": {
        "type": "Transitive",
        "resolved": "3.0.1",
        "contentHash": "9lNDn+MhtYoCDBSIEgQ8YRuYI3RGrw6ilX4u18e4OxwGg75xGr8DqQ6tAqMFpnmHqQXVz8/xc06nuPMLeUHfNQ==",
        "dependencies": {
          "Humanizer.Core": "[3.0.1]"
        }
      },
      "Humanizer.Core.zh-CN": {
        "type": "Transitive",
        "resolved": "3.0.1",
        "contentHash": "owiD1DAcG+ABrC0GmJm9qBfaDnFlQGwQUcQUH1Q+ZJLDNNEC8B45B9wY7droXaZbVUU8zQvg4AiHw2TEI1b3oA==",
        "dependencies": {
          "Humanizer.Core": "[3.0.1]"
        }
      },
      "Humanizer.Core.zh-Hans": {
        "type": "Transitive",
        "resolved": "3.0.1",
        "contentHash": "RI8vi3WpQxC7wyluN1LvLqp3YnyACEMhkpBXT0c73RALmWtwih7wskmbHvSG/GE/XXjOFhRdwqhKJQ6Ceh+YGw==",
        "dependencies": {
          "Humanizer.Core": "[3.0.1]"
        }
      },
      "Humanizer.Core.zh-Hant": {
        "type": "Transitive",
        "resolved": "3.0.1",
        "contentHash": "GWgEWGcflavxgcAil3ZYhnqmXZlaJA/QHURXC9GpSp7jrEGkN526ju67fEn0+LpzYRsj3mOZp2ZfFH1ltjD+FQ==",
        "dependencies": {
          "Humanizer.Core": "[3.0.1]"
        }
      },
      "Ical.Net": {
        "type": "Transitive",
        "resolved": "4.3.1",
        "contentHash": "ZQHNJAy26XeW0OnVRxyHW1xNWkLdueIInPCo76sdNCC0Sr8dAfBzN3DApWWk2r0nwCU0oJIGsrFHdCcQu5RWag==",
        "dependencies": {
          "NodaTime": "3.2.0"
        }
      },
      "Magick.NET-Q16-AnyCPU": {
        "type": "Transitive",
        "resolved": "14.10.3",
        "contentHash": "kSMjee72iMUxoZJrEO0hnNTBYXrBBAO0sauVjK2p92gRFO5v6sWUCuSIUruRAd6OBOm3vlFHbrx2uQkA/EJMwQ==",
        "dependencies": {
          "Magick.NET.Core": "14.10.3"
        }
      },
      "Microsoft.AspNetCore.Identity.EntityFrameworkCore": {
        "type": "Transitive",
        "resolved": "10.0.2",
        "contentHash": "+RJnRYpfkDBzFykHfIWsyOmFcAgAUMVNtmXvEuEmhlK4q1exOS9LQN7SW6kSfzITj+ysBwEBMVx5oiOTGQmMeQ==",
        "dependencies": {
          "Microsoft.EntityFrameworkCore.Relational": "10.0.2"
        }
      },
      "Microsoft.Bcl.AsyncInterfaces": {
        "type": "Transitive",
        "resolved": "8.0.0",
        "contentHash": "3WA9q9yVqJp222P3x1wYIGDAkpjAku0TMUaaQV22g6L67AI0LdOIrVS7Ht2vJfLHGSPVuqN94vIr15qn+HEkHw=="
      },
      "Microsoft.Bcl.Cryptography": {
        "type": "Transitive",
        "resolved": "9.0.4",
        "contentHash": "YgZYAWzyNuPVtPq6WNm0bqOWNjYaWgl5mBWTGZyNoXitYBUYSp6iUB9AwK0V1mo793qRJUXz2t6UZrWITZSvuQ=="
      },
      "Microsoft.Build.Framework": {
        "type": "Transitive",
        "resolved": "18.0.2",
        "contentHash": "sOSb+0J4G/jCBW/YqmRuL0eOMXgfw1KQLdC9TkbvfA5xs7uNm+PBQXJCOzSJGXtZcZrtXozcwxPmUiRUbmd7FA=="
      },
      "Microsoft.CodeAnalysis.Analyzers": {
        "type": "Transitive",
        "resolved": "3.11.0",
        "contentHash": "v/EW3UE8/lbEYHoC2Qq7AR/DnmvpgdtAMndfQNmpuIMx/Mto8L5JnuCfdBYtgvalQOtfNCnxFejxuRrryvUTsg=="
      },
      "Microsoft.CodeAnalysis.Common": {
        "type": "Transitive",
        "resolved": "5.0.0",
        "contentHash": "ZXRAdvH6GiDeHRyd3q/km8Z44RoM6FBWHd+gen/la81mVnAdHTEsEkO5J0TCNXBymAcx5UYKt5TvgKBhaLJEow==",
        "dependencies": {
          "Microsoft.CodeAnalysis.Analyzers": "3.11.0"
        }
      },
      "Microsoft.CodeAnalysis.CSharp": {
        "type": "Transitive",
        "resolved": "5.0.0",
        "contentHash": "5DSyJ9bk+ATuDy7fp2Zt0mJStDVKbBoiz1DyfAwSa+k4H4IwykAUcV3URelw5b8/iVbfSaOwkwmPUZH6opZKCw==",
        "dependencies": {
          "Microsoft.CodeAnalysis.Analyzers": "3.11.0",
          "Microsoft.CodeAnalysis.Common": "[5.0.0]"
        }
      },
      "Microsoft.CodeAnalysis.CSharp.Workspaces": {
        "type": "Transitive",
        "resolved": "5.0.0",
        "contentHash": "Al/Q8B+yO8odSqGVpSvrShMFDvlQdIBU//F3E6Rb0YdiLSALE9wh/pvozPNnfmh5HDnvU+mkmSjpz4hQO++jaA==",
        "dependencies": {
          "Humanizer.Core": "2.14.1",
          "Microsoft.CodeAnalysis.Analyzers": "3.11.0",
          "Microsoft.CodeAnalysis.CSharp": "[5.0.0]",
          "Microsoft.CodeAnalysis.Common": "[5.0.0]",
          "Microsoft.CodeAnalysis.Workspaces.Common": "[5.0.0]",
          "System.Composition": "9.0.0"
        }
      },
      "Microsoft.CodeAnalysis.Workspaces.Common": {
        "type": "Transitive",
        "resolved": "5.0.0",
        "contentHash": "ZbUmIvT6lqTNKiv06Jl5wf0MTMi1vQ1oH7ou4CLcs2C/no/L7EhP3T8y3XXvn9VbqMcJaJnEsNA1jwYUMgc5jg==",
        "dependencies": {
          "Humanizer.Core": "2.14.1",
          "Microsoft.CodeAnalysis.Analyzers": "3.11.0",
          "Microsoft.CodeAnalysis.Common": "[5.0.0]",
          "System.Composition": "9.0.0"
        }
      },
      "Microsoft.CodeAnalysis.Workspaces.MSBuild": {
        "type": "Transitive",
        "resolved": "5.0.0",
        "contentHash": "/G+LVoAGMz6Ae8nm+PGLxSw+F5RjYx/J7irbTO5uKAPw1bxHyQJLc/YOnpDxt+EpPtYxvC9wvBsg/kETZp1F9Q==",
        "dependencies": {
          "Humanizer.Core": "2.14.1",
          "Microsoft.Build.Framework": "17.11.31",
          "Microsoft.CodeAnalysis.Analyzers": "3.11.0",
          "Microsoft.CodeAnalysis.Workspaces.Common": "[5.0.0]",
          "Microsoft.VisualStudio.SolutionPersistence": "1.0.52",
          "Newtonsoft.Json": "13.0.3",
          "System.Composition": "9.0.0"
        }
      },
      "Microsoft.Data.SqlClient": {
        "type": "Transitive",
        "resolved": "6.1.1",
        "contentHash": "syGQmIUPAYYHAHyTD8FCkTNThpQWvoA7crnIQRMfp8dyB5A2cWU3fQexlRTFkVmV7S0TjVmthi0LJEFVjHo8AQ==",
        "dependencies": {
          "Azure.Core": "1.47.1",
          "Azure.Identity": "1.14.2",
          "Microsoft.Bcl.Cryptography": "9.0.4",
          "Microsoft.Data.SqlClient.SNI.runtime": "6.0.2",
          "Microsoft.IdentityModel.JsonWebTokens": "7.7.1",
          "Microsoft.IdentityModel.Protocols.OpenIdConnect": "7.7.1",
          "Microsoft.SqlServer.Server": "1.0.0",
          "System.Configuration.ConfigurationManager": "9.0.4",
          "System.Security.Cryptography.Pkcs": "9.0.4"
        }
      },
      "Microsoft.Data.SqlClient.SNI.runtime": {
        "type": "Transitive",
        "resolved": "6.0.2",
        "contentHash": "f+pRODTWX7Y67jXO3T5S2dIPZ9qMJNySjlZT/TKmWVNWe19N8jcWmHaqHnnchaq3gxEKv1SWVY5EFzOD06l41w=="
      },
      "Microsoft.EntityFrameworkCore": {
        "type": "Transitive",
        "resolved": "10.0.2",
        "contentHash": "d3+XKbLSHPCu3vwpXECoXcFbvGKmAhEeUmc1xy2czmuPnEF7rZN2HP5ZGMwCMbAKk4B01+nS4HixSMo2Vf/Y9g==",
        "dependencies": {
          "Microsoft.EntityFrameworkCore.Abstractions": "10.0.2",
          "Microsoft.EntityFrameworkCore.Analyzers": "10.0.2"
        }
      },
      "Microsoft.EntityFrameworkCore.Abstractions": {
        "type": "Transitive",
        "resolved": "10.0.2",
        "contentHash": "BzAwIU5mYeOmnKbEXrkwx7feW2V+zUTrK/kRonSib94tjvc0/iRj2a4N6YGXRhTNjaFP3tvCMIDaX1vIFF6dkg=="
      },
      "Microsoft.EntityFrameworkCore.Analyzers": {
        "type": "Transitive",
        "resolved": "10.0.2",
        "contentHash": "5C8aKN2HFhXfLhkrVvQ6yH990nw35pS7HNnwdBc628zIREaKJ4/rkdCXzxOdZo/SnCT3Kg7a/CqnhlzuJhlD4Q=="
      },
      "Microsoft.EntityFrameworkCore.Design": {
        "type": "Transitive",
        "resolved": "10.0.2",
        "contentHash": "tBwpyZ75SqcRjmZyhLYJVGKyfz1Z1dmsYtvJGZ2QLSI1tOHgMuLPTovunHA1JF9a0EWJs+WB6tVWmqo3DTL/MQ==",
        "dependencies": {
          "Humanizer.Core": "2.14.1",
          "Microsoft.Build.Framework": "18.0.2",
          "Microsoft.CodeAnalysis.CSharp": "5.0.0",
          "Microsoft.CodeAnalysis.CSharp.Workspaces": "5.0.0",
          "Microsoft.CodeAnalysis.Workspaces.MSBuild": "5.0.0",
          "Microsoft.EntityFrameworkCore.Relational": "10.0.2",
          "Microsoft.Extensions.DependencyModel": "10.0.2",
          "Mono.TextTemplating": "3.0.0",
          "Newtonsoft.Json": "13.0.3"
        }
      },
      "Microsoft.EntityFrameworkCore.Relational": {
        "type": "Transitive",
        "resolved": "10.0.2",
        "contentHash": "1fUeyNmqDNfMogJ2ut7OKO57/WGjjkHMYeX51SpA3PwP7ftbx8g/Z3fbErD+1q14DILrqJfsszYsYhGssBRfDg==",
        "dependencies": {
          "Microsoft.EntityFrameworkCore": "10.0.2"
        }
      },
      "Microsoft.EntityFrameworkCore.SqlServer": {
        "type": "Transitive",
        "resolved": "10.0.2",
        "contentHash": "x4ZO21dxzUeA2wvH5sdNBVVHuH+9+3DF3VV2pdENyHEZz+u0AyMi1a/NHzytPhn6IXBhqA8n6y9FAsdUWp8jyA==",
        "dependencies": {
          "Microsoft.Data.SqlClient": "6.1.1",
          "Microsoft.EntityFrameworkCore.Relational": "10.0.2"
        }
      },
      "Microsoft.Extensions.ApiDescription.Server": {
        "type": "Transitive",
        "resolved": "10.0.0",
        "contentHash": "NCWCGiwRwje8773yzPQhvucYnnfeR+ZoB1VRIrIMp4uaeUNw7jvEPHij3HIbwCDuNCrNcphA00KSAR9yD9qmbg=="
      },
      "Microsoft.Extensions.DependencyModel": {
        "type": "Transitive",
        "resolved": "10.0.2",
        "contentHash": "DHXzj/FKmUDmhzw7AHbMXbNNcgO8Cb9PDbYOUDICjFAdIALy2WbC6pm+dFKiAUNtcYMucZu2iMVw1ef/sdcZFw=="
      },
      "Microsoft.Extensions.DiagnosticAdapter": {
        "type": "Transitive",
        "resolved": "3.1.32",
        "contentHash": "oDv3wt+Q5cmaSfOQ3Cdu6dF6sn/x5gzWdNpOq4ajBwCMWYBr6CchncDvB9pF83ORlbDuX32MsVLOPGPxW4Lx4g=="
      },
      "Microsoft.Extensions.FileProviders.Embedded": {
        "type": "Transitive",
        "resolved": "10.0.2",
        "contentHash": "KgfcpgdcDdxuwBp1q/KpBHaT0MpPdu5vmQ6hNTiiwg5pKFQBINSF7muRFsf3A0MRey9RZ1AuS0OTHKKq+uv+nQ=="
      },
      "Microsoft.Identity.Client": {
        "type": "Transitive",
        "resolved": "4.78.0",
        "contentHash": "vZ50HE9INSN+Ew8pCgTm0t7wzxQTqozF9L4MAsl64etXz0Teo0dbUvjpVzqDHRs6m1Vn8mHF04fGaxXrIvGpsg==",
        "dependencies": {
          "Microsoft.IdentityModel.Abstractions": "8.14.0"
        }
      },
      "Microsoft.Identity.Client.Extensions.Msal": {
        "type": "Transitive",
        "resolved": "4.78.0",
        "contentHash": "DYU9o+DrDQuyZxeq91GBA9eNqBvA3ZMkLzQpF7L9dTk6FcIBM1y1IHXWqiKXTvptPF7CZE59upbyUoa+FJ5eiA==",
        "dependencies": {
          "Microsoft.Identity.Client": "4.78.0",
          "System.Security.Cryptography.ProtectedData": "4.5.0"
        }
      },
      "Microsoft.IdentityModel.Abstractions": {
        "type": "Transitive",
        "resolved": "8.14.0",
        "contentHash": "iwbCpSjD3ehfTwBhtSNEtKPK0ICun6ov7Ibx6ISNA9bfwIyzI2Siwyi9eJFCJBwxowK9xcA1mj+jBWiigeqgcQ=="
      },
      "Microsoft.IdentityModel.JsonWebTokens": {
        "type": "Transitive",
        "resolved": "7.7.1",
        "contentHash": "3Izi75UCUssvo8LPx3OVnEeZay58qaFicrtSnbtUt7q8qQi0gy46gh4V8VUTkMVMKXV6VMyjBVmeNNgeCUJuIw==",
        "dependencies": {
          "Microsoft.IdentityModel.Tokens": "7.7.1"
        }
      },
      "Microsoft.IdentityModel.Logging": {
        "type": "Transitive",
        "resolved": "7.7.1",
        "contentHash": "BZNgSq/o8gsKExdYoBKPR65fdsxW0cTF8PsdqB8y011AGUJJW300S/ZIsEUD0+sOmGc003Gwv3FYbjrVjvsLNQ==",
        "dependencies": {
          "Microsoft.IdentityModel.Abstractions": "7.7.1"
        }
      },
      "Microsoft.IdentityModel.Protocols": {
        "type": "Transitive",
        "resolved": "7.7.1",
        "contentHash": "h+fHHBGokepmCX+QZXJk4Ij8OApCb2n2ktoDkNX5CXteXsOxTHMNgjPGpAwdJMFvAL7TtGarUnk3o97NmBq2QQ==",
        "dependencies": {
          "Microsoft.IdentityModel.Tokens": "7.7.1"
        }
      },
      "Microsoft.IdentityModel.Protocols.OpenIdConnect": {
        "type": "Transitive",
        "resolved": "7.7.1",
        "contentHash": "yT2Hdj8LpPbcT9C9KlLVxXl09C8zjFaVSaApdOwuecMuoV4s6Sof/mnTDz/+F/lILPIBvrWugR9CC7iRVZgbfQ==",
        "dependencies": {
          "Microsoft.IdentityModel.Protocols": "7.7.1",
          "System.IdentityModel.Tokens.Jwt": "7.7.1"
        }
      },
      "Microsoft.IdentityModel.Tokens": {
        "type": "Transitive",
        "resolved": "7.7.1",
        "contentHash": "fQ0VVCba75lknUHGldi3iTKAYUQqbzp1Un8+d9cm9nON0Gs8NAkXddNg8iaUB0qi/ybtAmNWizTR4avdkCJ9pQ==",
        "dependencies": {
          "Microsoft.IdentityModel.Logging": "7.7.1"
        }
      },
      "Microsoft.OpenApi": {
        "type": "Transitive",
        "resolved": "2.3.0",
        "contentHash": "5RZpjyt0JMmoc/aEgY9c1vE5pusdDGvkPl9qKIy9KFbRiIXD+w7gBJxX+unSjzzOcfgRoYxnO4okZyqDAL2WEw=="
      },
      "Microsoft.SqlServer.Server": {
        "type": "Transitive",
        "resolved": "1.0.0",
        "contentHash": "N4KeF3cpcm1PUHym1RmakkzfkEv3GRMyofVv40uXsQhCQeglr2OHNcUk2WOG51AKpGO8ynGpo9M/kFXSzghwug=="
      },
      "Microsoft.VisualStudio.SolutionPersistence": {
        "type": "Transitive",
        "resolved": "1.0.52",
        "contentHash": "oNv2JtYXhpdJrX63nibx1JT3uCESOBQ1LAk7Dtz/sr0+laW0KRM6eKp4CZ3MHDR2siIkKsY8MmUkeP5DKkQQ5w=="
      },
      "MiniProfiler.AspNetCore": {
        "type": "Transitive",
        "resolved": "4.5.4",
        "contentHash": "meedJsjpYOeHPhE8H6t+dGQ9zLxcCQVpi4DXzmxmYAXywmTzlo6jv2IASUv5QijTU0CxsROln3FHd8RsTO8Z8A==",
        "dependencies": {
          "MiniProfiler.Shared": "4.5.4"
        }
      },
      "MiniProfiler.Shared": {
        "type": "Transitive",
        "resolved": "4.5.4",
        "contentHash": "f8ckFm/xTS8C2Bn4BdVc94dNvg+tRfk0e4XFaETOqRi6r0PUOyn3Z9jTQCVpB3R1pP5WiRsEIrqqxux95BVpTA=="
      },
      "Mono.TextTemplating": {
        "type": "Transitive",
        "resolved": "3.0.0",
        "contentHash": "YqueG52R/Xej4VVbKuRIodjiAhV0HR/XVbLbNrJhCZnzjnSjgMJ/dCdV0akQQxavX6hp/LC6rqLGLcXeQYU7XA==",
        "dependencies": {
          "System.CodeDom": "6.0.0"
        }
      },
      "Newtonsoft.Json": {
        "type": "Transitive",
        "resolved": "13.0.4",
        "contentHash": "pdgNNMai3zv51W5aq268sujXUyx7SNdE2bj1wZcWjAQrKMFZV260lbqYop1d2GM67JI1huLRwxo9ZqnfF/lC6A=="
      },
      "NodaTime": {
        "type": "Transitive",
        "resolved": "3.2.0",
        "contentHash": "yoRA3jEJn8NM0/rQm78zuDNPA3DonNSZdsorMUj+dltc1D+/Lc5h9YXGqbEEZozMGr37lAoYkcSM/KjTVqD0ow=="
      },
      "OpenAI-DotNet": {
        "type": "Transitive",
        "resolved": "8.8.8",
        "contentHash": "/ycZJKKk+VV+BFtY6nwdVGG40nhrIJVfN+nC3oCz8htxFiIo24Xa7tOuL1ffOp5QmpOacvaEQ6whhp8uKR+mFQ=="
      },
      "Sentry": {
        "type": "Transitive",
        "resolved": "6.0.0",
        "contentHash": "KomDnmKInN30NIaf52UsRYCK/QS8cBe1jV+JslxBzys30wPH0Wv0U20YQ2oJ65P0+XLv0JqNHmgAjN1zDy/fzQ=="
      },
      "Sentry.Extensions.Logging": {
        "type": "Transitive",
        "resolved": "6.0.0",
        "contentHash": "c9jXcKZPq6qTWsg7y8MWgOXuuUxxSR/56xKA/GLNEuqxOUTeJ/pWxR4tgrhQ4oTyZwdTEoNyiZpa3Go9ij7Gaw==",
        "dependencies": {
          "Sentry": "6.0.0"
        }
      },
      "SixLabors.Fonts": {
        "type": "Transitive",
        "resolved": "2.1.3",
        "contentHash": "ORWbZ5BHrC/LZvo+Y09MnoJq5VUKD85LsYALk+YI7CHFra+m5arCkz00IntDM6SrAiB22bvSdKtKmuCyHOKlqg=="
      },
      "SixLabors.ImageSharp": {
        "type": "Transitive",
        "resolved": "3.1.12",
        "contentHash": "iAg6zifihXEFS/t7fiHhZBGAdCp3FavsF4i2ZIDp0JfeYeDVzvmlbY1CNhhIKimaIzrzSi5M/NBFcWvZT2rB/A=="
      },
      "SixLabors.ImageSharp.Drawing": {
        "type": "Transitive",
        "resolved": "2.1.7",
        "contentHash": "9KwCo9Fa350cx6ckpsy8NqXQZKwir4RQ8Kj0sdCmJA7wsK9FMyfgC527Sn4l/D6bj2ditSHlhS7dGzcgGszvSQ==",
        "dependencies": {
          "SixLabors.Fonts": "2.1.3",
          "SixLabors.ImageSharp": "3.1.11"
        }
      },
      "Swashbuckle.AspNetCore.Swagger": {
        "type": "Transitive",
        "resolved": "10.1.0",
        "contentHash": "9Kp35Jhkzw73UXnvgGWVgRjvfGx5h1V4fdL9JcPZMKoTyO/bnKD/1i86n8u2p+rVTDed0cDSH4PKbX4WicZ/gg==",
        "dependencies": {
          "Microsoft.OpenApi": "2.3.0"
        }
      },
      "Swashbuckle.AspNetCore.SwaggerGen": {
        "type": "Transitive",
        "resolved": "10.1.0",
        "contentHash": "XV2gyKmjWs5K5QaSq9rNYtO/E7vr/RcyBkMbbCVUlUtI5OY0HKj260Wee9zsJ7scJf7kPCxeseBiUMRp67ZWxA==",
        "dependencies": {
          "Swashbuckle.AspNetCore.Swagger": "10.1.0"
        }
      },
      "Swashbuckle.AspNetCore.SwaggerUI": {
        "type": "Transitive",
        "resolved": "10.1.0",
        "contentHash": "ilUsTvGA9hO1ulR7ibdWMWSg3438Iu+pDFcEYUorp+/ClHwaHFdpp/ATfBsFXv2sIRVDbQlEwd5BWBOdMdtKCA=="
      },
      "System.ClientModel": {
        "type": "Transitive",
        "resolved": "1.8.0",
        "contentHash": "AqRzhn0v29GGGLj/Z6gKq4lGNtvPHT4nHdG5PDJh9IfVjv/nYUVmX11hwwws1vDFeIAzrvmn0dPu8IjLtu6fAw==",
        "dependencies": {
          "System.Memory.Data": "8.0.1"
        }
      },
      "System.CodeDom": {
        "type": "Transitive",
        "resolved": "7.0.0",
        "contentHash": "GLltyqEsE5/3IE+zYRP5sNa1l44qKl9v+bfdMcwg+M9qnQf47wK3H0SUR/T+3N4JEQXF3vV4CSuuo0rsg+nq2A=="
      },
      "System.Composition": {
        "type": "Transitive",
        "resolved": "9.0.0",
        "contentHash": "3Djj70fFTraOarSKmRnmRy/zm4YurICm+kiCtI0dYRqGJnLX6nJ+G3WYuFJ173cAPax/gh96REcbNiVqcrypFQ==",
        "dependencies": {
          "System.Composition.AttributedModel": "9.0.0",
          "System.Composition.Convention": "9.0.0",
          "System.Composition.Hosting": "9.0.0",
          "System.Composition.Runtime": "9.0.0",
          "System.Composition.TypedParts": "9.0.0"
        }
      },
      "System.Composition.AttributedModel": {
        "type": "Transitive",
        "resolved": "9.0.0",
        "contentHash": "iri00l/zIX9g4lHMY+Nz0qV1n40+jFYAmgsaiNn16xvt2RDwlqByNG4wgblagnDYxm3YSQQ0jLlC/7Xlk9CzyA=="
      },
      "System.Composition.Convention": {
        "type": "Transitive",
        "resolved": "9.0.0",
        "contentHash": "+vuqVP6xpi582XIjJi6OCsIxuoTZfR0M7WWufk3uGDeCl3wGW6KnpylUJ3iiXdPByPE0vR5TjJgR6hDLez4FQg==",
        "dependencies": {
          "System.Composition.AttributedModel": "9.0.0"
        }
      },
      "System.Composition.Hosting": {
        "type": "Transitive",
        "resolved": "9.0.0",
        "contentHash": "OFqSeFeJYr7kHxDfaViGM1ymk7d4JxK//VSoNF9Ux0gpqkLsauDZpu89kTHHNdCWfSljbFcvAafGyBoY094btQ==",
        "dependencies": {
          "System.Composition.Runtime": "9.0.0"
        }
      },
      "System.Composition.Runtime": {
        "type": "Transitive",
        "resolved": "9.0.0",
        "contentHash": "w1HOlQY1zsOWYussjFGZCEYF2UZXgvoYnS94NIu2CBnAGMbXFAX8PY8c92KwUItPmowal68jnVLBCzdrWLeEKA=="
      },
      "System.Composition.TypedParts": {
        "type": "Transitive",
        "resolved": "9.0.0",
        "contentHash": "aRZlojCCGEHDKqh43jaDgaVpYETsgd7Nx4g1zwLKMtv4iTo0627715ajEFNpEEBTgLmvZuv8K0EVxc3sM4NWJA==",
        "dependencies": {
          "System.Composition.AttributedModel": "9.0.0",
          "System.Composition.Hosting": "9.0.0",
          "System.Composition.Runtime": "9.0.0"
        }
      },
      "System.Configuration.ConfigurationManager": {
        "type": "Transitive",
        "resolved": "10.0.2",
        "contentHash": "UpBPpVzF+xbB3GsBrraPvlYCwUiOhs+RLxnTMKLqDs2gNNaAtxQRlKjXfMV3zxE+hiQkGId5olZ+9tE6xXHdwQ==",
        "dependencies": {
          "System.Security.Cryptography.ProtectedData": "10.0.2"
        }
      },
      "System.IdentityModel.Tokens.Jwt": {
        "type": "Transitive",
        "resolved": "7.7.1",
        "contentHash": "rQkO1YbAjLwnDJSMpRhRtrc6XwIcEOcUvoEcge+evurpzSZM3UNK+MZfD3sKyTlYsvknZ6eJjSBfnmXqwOsT9Q==",
        "dependencies": {
          "Microsoft.IdentityModel.JsonWebTokens": "7.7.1",
          "Microsoft.IdentityModel.Tokens": "7.7.1"
        }
      },
      "System.Management": {
        "type": "Transitive",
        "resolved": "7.0.2",
        "contentHash": "/qEUN91mP/MUQmJnM5y5BdT7ZoPuVrtxnFlbJ8a3kBJGhe2wCzBfnPFtK2wTtEEcf3DMGR9J00GZZfg6HRI6yA==",
        "dependencies": {
          "System.CodeDom": "7.0.0"
        }
      },
      "System.Memory.Data": {
        "type": "Transitive",
        "resolved": "8.0.1",
        "contentHash": "BVYuec3jV23EMRDeR7Dr1/qhx7369dZzJ9IWy2xylvb4YfXsrUxspWc4UWYid/tj4zZK58uGZqn2WQiaDMhmAg=="
      },
      "System.Reflection.TypeExtensions": {
        "type": "Transitive",
        "resolved": "4.7.0",
        "contentHash": "VybpaOQQhqE6siHppMktjfGBw1GCwvCqiufqmP8F1nj7fTUNtW35LOEt3UZTEsECfo+ELAl/9o9nJx3U91i7vA=="
      },
      "System.Security.Cryptography.Pkcs": {
        "type": "Transitive",
        "resolved": "9.0.4",
        "contentHash": "cUFTcMlz/Qw9s90b2wnWSCvHdjv51Bau9FQqhsr4TlwSe1OX+7SoXUqphis5G74MLOvMOCghxPPlEqOdCrVVGA=="
      },
      "System.Security.Cryptography.ProtectedData": {
        "type": "Transitive",
        "resolved": "10.0.2",
        "contentHash": "me7W69hkjdu5EzHXCQSXv9OS3uAkMXT26oZuWTaabeoO5BPxSVuRVJ2FSfIW8xyGxBb6mKCE6ZKg7TLk3IzJBQ=="
      },
      "inkycal.data": {
        "type": "Project",
        "dependencies": {
          "Azure.Identity": "[1.17.1, )",
          "InkyCal.Models": "[1.0.0, )",
          "InkyCal.Server.Config": "[1.0.0, )",
          "Microsoft.AspNetCore.Identity.EntityFrameworkCore": "[10.0.2, )",
          "Microsoft.EntityFrameworkCore.SqlServer": "[10.0.2, )"
        }
      },
      "inkycal.models": {
        "type": "Project"
      },
      "inkycal.server.config": {
        "type": "Project"
      },
      "inkycal.utils": {
        "type": "Project",
        "dependencies": {
          "Bugsnag": "[4.1.0, )",
          "Google.Apis.Calendar.v3": "[1.73.0.3993, )",
          "Google.Apis.Oauth2.v2": "[1.68.0.1869, )",
          "Ical.Net": "[4.3.1, )",
          "InkyCal.Models": "[1.0.0, )",
          "InkyCal.Server.Config": "[1.0.0, )",
          "Magick.NET-Q16-AnyCPU": "[14.10.3, )",
          "Magick.NET.Core": "[14.10.3, )",
          "MiniProfiler.Shared": "[4.5.4, )",
          "OpenAI-DotNet": "[8.8.8, )",
          "Sentry": "[6.0.0, )",
          "SixLabors.ImageSharp": "[3.1.12, )",
          "SixLabors.ImageSharp.Drawing": "[2.1.7, )",
          "System.Reflection.TypeExtensions": "[4.7.0, )"
        }
      }
    }
  }
}