{
  "version": 1,
  "dependencies": {
    "net9.0": {
      "Microsoft.CodeAnalysis.NetAnalyzers": {
        "type": "Direct",
        "requested": "[9.0.0, )",
        "resolved": "9.0.0",
        "contentHash": "JajbvkrBgtdRghavIjcJuNHMOja4lqBmEezbhZyqWPYh2cpLhT5mPpfC7NQVDO4IehWQum9t/nwF4v+qQGtYWg=="
      },
      "Microsoft.Extensions.Configuration.Binder": {
        "type": "Direct",
        "requested": "[9.0.1, )",
        "resolved": "9.0.1",
        "contentHash": "w7kAyu1Mm7eParRV6WvGNNwA8flPTub16fwH49h7b/yqJZFTgYxnOVCuiah3G2bgseJMEq4DLjjsyQRvsdzRgA==",
        "dependencies": {
          "Microsoft.Extensions.Configuration.Abstractions": "9.0.1"
        }
      },
      "Microsoft.Extensions.Configuration.EnvironmentVariables": {
        "type": "Direct",
        "requested": "[9.0.1, )",
        "resolved": "9.0.1",
        "contentHash": "5HShUdF8KFAUSzoEu0DOFbX09FlcFtHxEalowyjM7Kji0EjdF0DLjHajb2IBvoqsExAYox+Z2GfbfGF7dH7lKQ==",
        "dependencies": {
          "Microsoft.Extensions.Configuration": "9.0.1",
          "Microsoft.Extensions.Configuration.Abstractions": "9.0.1"
        }
      },
      "Microsoft.Extensions.Configuration.Json": {
        "type": "Direct",
        "requested": "[9.0.0, )",
        "resolved": "9.0.0",
        "contentHash": "WiTK0LrnsqmedrbzwL7f4ZUo+/wByqy2eKab39I380i2rd8ImfCRMrtkqJVGDmfqlkP/YzhckVOwPc5MPrSNpg==",
        "dependencies": {
          "Microsoft.Extensions.Configuration": "9.0.0",
          "Microsoft.Extensions.Configuration.Abstractions": "9.0.0",
          "Microsoft.Extensions.Configuration.FileExtensions": "9.0.0",
          "Microsoft.Extensions.FileProviders.Abstractions": "9.0.0"
        }
      },
      "Microsoft.Extensions.Configuration.UserSecrets": {
        "type": "Direct",
        "requested": "[9.0.0, )",
        "resolved": "9.0.0",
        "contentHash": "FShWw8OysquwV7wQHYkkz0VWsJSo6ETUu4h7tJRMtnG0uR+tzKOldhcO8xB1pGSOI3Ng6v3N1Q94YO8Rzq1P6A==",
        "dependencies": {
          "Microsoft.Extensions.Configuration.Abstractions": "9.0.0",
          "Microsoft.Extensions.Configuration.Json": "9.0.0",
          "Microsoft.Extensions.FileProviders.Abstractions": "9.0.0",
          "Microsoft.Extensions.FileProviders.Physical": "9.0.0"
        }
      },
      "SonarAnalyzer.CSharp": {
        "type": "Direct",
        "requested": "[10.4.0.108396, )",
        "resolved": "10.4.0.108396",
        "contentHash": "xGcLZ+dvkVuBbd3sjPur9X+1owSL/iDoxVFJLhMx3/vq1fmoKM2fwvrZ8ReAas6l715GJ/dWU2ckwlrRVopmbg=="
      },
      "System.Text.Json": {
        "type": "Direct",
        "requested": "[9.0.0, )",
        "resolved": "9.0.0",
        "contentHash": "js7+qAu/9mQvnhA4EfGMZNEzXtJCDxgkgj8ohuxq/Qxv+R56G+ljefhiJHOxTNiw54q8vmABCWUwkMulNdlZ4A=="
      },
      "Microsoft.Extensions.Configuration": {
        "type": "Transitive",
        "resolved": "9.0.1",
        "contentHash": "VuthqFS+ju6vT8W4wevdhEFiRi1trvQtkzWLonApfF5USVzzDcTBoY3F24WvN/tffLSrycArVfX1bThm/9xY2A==",
        "dependencies": {
          "Microsoft.Extensions.Configuration.Abstractions": "9.0.1",
          "Microsoft.Extensions.Primitives": "9.0.1"
        }
      },
      "Microsoft.Extensions.Configuration.Abstractions": {
        "type": "Transitive",
        "resolved": "9.0.1",
        "contentHash": "+4hfFIY1UjBCXFTTOd+ojlDPq6mep3h5Vq5SYE3Pjucr7dNXmq4S/6P/LoVnZFz2e/5gWp/om4svUFgznfULcA==",
        "dependencies": {
          "Microsoft.Extensions.Primitives": "9.0.1"
        }
      },
      "Microsoft.Extensions.Configuration.FileExtensions": {
        "type": "Transitive",
        "resolved": "9.0.0",
        "contentHash": "4EK93Jcd2lQG4GY6PAw8jGss0ZzFP0vPc1J85mES5fKNuDTqgFXHba9onBw2s18fs3I4vdo2AWyfD1mPAxWSQQ==",
        "dependencies": {
          "Microsoft.Extensions.Configuration": "9.0.0",
          "Microsoft.Extensions.Configuration.Abstractions": "9.0.0",
          "Microsoft.Extensions.FileProviders.Abstractions": "9.0.0",
          "Microsoft.Extensions.FileProviders.Physical": "9.0.0",
          "Microsoft.Extensions.Primitives": "9.0.0"
        }
      },
      "Microsoft.Extensions.FileProviders.Abstractions": {
        "type": "Transitive",
        "resolved": "9.0.0",
        "contentHash": "uK439QzYR0q2emLVtYzwyK3x+T5bTY4yWsd/k/ZUS9LR6Sflp8MIdhGXW8kQCd86dQD4tLqvcbLkku8qHY263Q==",
        "dependencies": {
          "Microsoft.Extensions.Primitives": "9.0.0"
        }
      },
      "Microsoft.Extensions.FileProviders.Physical": {
        "type": "Transitive",
        "resolved": "9.0.0",
        "contentHash": "3+ZUSpOSmie+o8NnLIRqCxSh65XL/ExU7JYnFOg58awDRlY3lVpZ9A369jkoZL1rpsq7LDhEfkn2ghhGaY1y5Q==",
        "dependencies": {
          "Microsoft.Extensions.FileProviders.Abstractions": "9.0.0",
          "Microsoft.Extensions.FileSystemGlobbing": "9.0.0",
          "Microsoft.Extensions.Primitives": "9.0.0"
        }
      },
      "Microsoft.Extensions.FileSystemGlobbing": {
        "type": "Transitive",
        "resolved": "9.0.0",
        "contentHash": "jGFKZiXs2HNseK3NK/rfwHNNovER71jSj4BD1a/649ml9+h6oEtYd0GSALZDNW8jZ2Rh+oAeadOa6sagYW1F2A=="
      },
      "Microsoft.Extensions.Primitives": {
        "type": "Transitive",
        "resolved": "9.0.1",
        "contentHash": "bHtTesA4lrSGD1ZUaMIx6frU3wyy0vYtTa/hM6gGQu5QNrydObv8T5COiGUWsisflAfmsaFOe9Xvw5NSO99z0g=="
      }
    }
  }
}