{
  "version": 1,
  "dependencies": {
    "net10.0": {
      "Microsoft.CodeAnalysis.NetAnalyzers": {
        "type": "Direct",
        "requested": "[10.0.301, )",
        "resolved": "10.0.301",
        "contentHash": "QAHyooyQN0JB95pI8q/N/eAH7Bb0OWSDSSNFGlmuxC+b/fXUVQJJChOBE6ygJFNkRj42u7rCHCSCPQC5n30tNg=="
      },
      "Microsoft.Extensions.Configuration.Binder": {
        "type": "Direct",
        "requested": "[10.0.9, )",
        "resolved": "10.0.9",
        "contentHash": "Tp/+LPb70RyjjtLg9m5C959eP4KrUpJHThZfAegZVpsfmGvzfuNkuYbI/ft+LvXhMSyUcAeOPaN6rzTccwnZAg==",
        "dependencies": {
          "Microsoft.Extensions.Configuration": "10.0.9",
          "Microsoft.Extensions.Configuration.Abstractions": "10.0.9"
        }
      },
      "Microsoft.Extensions.Configuration.EnvironmentVariables": {
        "type": "Direct",
        "requested": "[10.0.9, )",
        "resolved": "10.0.9",
        "contentHash": "JhKySWIL8+N4yFt4HPm1rGKCHooze+MBdTdpXc0bd/PGm31TrSUi2m0Nek1y441Wlv/RE6VH0W/DCv2xnmy8FA==",
        "dependencies": {
          "Microsoft.Extensions.Configuration": "10.0.9",
          "Microsoft.Extensions.Configuration.Abstractions": "10.0.9"
        }
      },
      "Microsoft.Extensions.Configuration.Json": {
        "type": "Direct",
        "requested": "[10.0.9, )",
        "resolved": "10.0.9",
        "contentHash": "LiFKJgc9jZEW+7RhcSfsvCwoikt1lDdOqOn+whZC5zVHyg/gExftHl2QPtmfiHsEdDNg+Y+BDr6835tOfj8Y7A==",
        "dependencies": {
          "Microsoft.Extensions.Configuration": "10.0.9",
          "Microsoft.Extensions.Configuration.Abstractions": "10.0.9",
          "Microsoft.Extensions.Configuration.FileExtensions": "10.0.9",
          "Microsoft.Extensions.FileProviders.Abstractions": "10.0.9"
        }
      },
      "Microsoft.Extensions.Configuration.UserSecrets": {
        "type": "Direct",
        "requested": "[10.0.9, )",
        "resolved": "10.0.9",
        "contentHash": "ockJRreRW/HbGwoyHzYOxMucFBimvAZ8lKNwQLMHrS6mwkDUaCJMWzzeE+Rm9vgFlv2o/xqk8fm+FpqrDCnkTA==",
        "dependencies": {
          "Microsoft.Extensions.Configuration.Abstractions": "10.0.9",
          "Microsoft.Extensions.Configuration.Json": "10.0.9",
          "Microsoft.Extensions.FileProviders.Abstractions": "10.0.9",
          "Microsoft.Extensions.FileProviders.Physical": "10.0.9"
        }
      },
      "SonarAnalyzer.CSharp": {
        "type": "Direct",
        "requested": "[10.30.0.144632, )",
        "resolved": "10.30.0.144632",
        "contentHash": "e4n1kWNoFAuXcYR4uEGyMi4I5vKHcjAVmIw6k6y57UWJA1o6cxkeHmcE45xfCphM4k4G0Yo8yMhOT637AmofJw=="
      },
      "Microsoft.Extensions.Configuration": {
        "type": "Transitive",
        "resolved": "10.0.9",
        "contentHash": "woZsWLhOQsASuxbmgiZJqiGUBNo3IjRdXC92xt8rRokza+P6/nIsnzq7sm9Or6ZYcRl2kL1ufj8HVzp1QlPTXw==",
        "dependencies": {
          "Microsoft.Extensions.Configuration.Abstractions": "10.0.9",
          "Microsoft.Extensions.Primitives": "10.0.9"
        }
      },
      "Microsoft.Extensions.Configuration.Abstractions": {
        "type": "Transitive",
        "resolved": "10.0.9",
        "contentHash": "qGhRPd3VxfLV9UqatVOiD9mAeUbj2KiMwGFYC5uXlzExiZQoe4X/hdmzGIU7BQjNLTqCnnbTHVyBglG3668/HA==",
        "dependencies": {
          "Microsoft.Extensions.Primitives": "10.0.9"
        }
      },
      "Microsoft.Extensions.Configuration.FileExtensions": {
        "type": "Transitive",
        "resolved": "10.0.9",
        "contentHash": "NgLB9cYnIb0/djSDcnqo4GIGGWooxGmr/gCUe3/CRXcKqLizOFui8MyW4EVkTB/KNJL+oXdMXnD6ZRm3Y+qkrQ==",
        "dependencies": {
          "Microsoft.Extensions.Configuration": "10.0.9",
          "Microsoft.Extensions.Configuration.Abstractions": "10.0.9",
          "Microsoft.Extensions.FileProviders.Abstractions": "10.0.9",
          "Microsoft.Extensions.FileProviders.Physical": "10.0.9",
          "Microsoft.Extensions.Primitives": "10.0.9"
        }
      },
      "Microsoft.Extensions.FileProviders.Abstractions": {
        "type": "Transitive",
        "resolved": "10.0.9",
        "contentHash": "Oxn4vqDk+EwceTMpZxVm7L/UZEAM1qIQlNP1+7tBZckD+P4SKrm/5X4gMTPCTdpnau/xY8Sb4/0d6onomSg4ZA==",
        "dependencies": {
          "Microsoft.Extensions.Primitives": "10.0.9"
        }
      },
      "Microsoft.Extensions.FileProviders.Physical": {
        "type": "Transitive",
        "resolved": "10.0.9",
        "contentHash": "zm8WVod4swgprGrkxkuSILlbXqdDRqF+3y6U0I7jlmj4PMyKN6d8pzXZHUn5lr/gZVULzk/+FeTYlTupt6akpg==",
        "dependencies": {
          "Microsoft.Extensions.FileProviders.Abstractions": "10.0.9",
          "Microsoft.Extensions.FileSystemGlobbing": "10.0.9",
          "Microsoft.Extensions.Primitives": "10.0.9"
        }
      },
      "Microsoft.Extensions.FileSystemGlobbing": {
        "type": "Transitive",
        "resolved": "10.0.9",
        "contentHash": "mvRf9qOH/LslWIee/h+lsElnoUyKotEwoPL31soqScmO/eoxObaTCLCdx2DdqPdRi9LnB+7qKZ49jfyrLZuc+w=="
      },
      "Microsoft.Extensions.Primitives": {
        "type": "Transitive",
        "resolved": "10.0.9",
        "contentHash": "fmEbAUFsaIKirgLt/lYhuFRBwhcSJN31jjHgCdbQxJiWOum6EdLjkbgGuukSP9z/a+9LibaxII/kF+GwOXgC4g=="
      }
    }
  }
}