{
  "version": 1,
  "dependencies": {
    "net8.0": {
      "coverlet.collector": {
        "type": "Direct",
        "requested": "[6.0.0, )",
        "resolved": "6.0.0",
        "contentHash": "tW3lsNS+dAEII6YGUX/VMoJjBS1QvsxqJeqLaJXub08y1FSjasFPtQ4UBUsudE9PNrzLjooClMsPtY2cZLdXpQ=="
      },
      "Microsoft.CodeAnalysis.NetAnalyzers": {
        "type": "Direct",
        "requested": "[8.0.0, )",
        "resolved": "8.0.0",
        "contentHash": "DxiTgkCl3CGq1rYmBX2wjY7XGbxiBdL4J+/AJIAFLKy5z70NxhnVRnPghnicXZ8oF6JKVXlW3xwznRbI3ioEKg=="
      },
      "Microsoft.NET.Test.Sdk": {
        "type": "Direct",
        "requested": "[17.9.0, )",
        "resolved": "17.9.0",
        "contentHash": "7GUNAUbJYn644jzwLm5BD3a2p9C1dmP8Hr6fDPDxgItQk9hBs1Svdxzz07KQ/UphMSmgza9AbijBJGmw5D658A==",
        "dependencies": {
          "Microsoft.CodeCoverage": "17.9.0",
          "Microsoft.TestPlatform.TestHost": "17.9.0"
        }
      },
      "MSTest.TestAdapter": {
        "type": "Direct",
        "requested": "[3.2.0, )",
        "resolved": "3.2.0",
        "contentHash": "ddQhfk2d/w4pZ7wDAyxP1JFOUG09kB8U3Sso2Fj9lGr4kZYYpzmTrpG1Ghwvx3i/vPqwWhKvaVQIrQtsr7cPhg==",
        "dependencies": {
          "Microsoft.Testing.Extensions.Telemetry": "1.0.0",
          "Microsoft.Testing.Extensions.VSTestBridge": "1.0.0",
          "Microsoft.Testing.Platform.MSBuild": "1.0.0"
        }
      },
      "MSTest.TestFramework": {
        "type": "Direct",
        "requested": "[3.2.0, )",
        "resolved": "3.2.0",
        "contentHash": "jrlSvf3DmE6nqMR194++GdpJfN4evGwDKlCzxC6mowvCj0QVWSPfTltkq9pyXO/ne4gpE8DpPl9dqTg4CNPiUQ=="
      },
      "SonarAnalyzer.CSharp": {
        "type": "Direct",
        "requested": "[9.18.0.83559, )",
        "resolved": "9.18.0.83559",
        "contentHash": "JwAYWSdoi8/6VMCUGrVWGdZSLz/8l4xfEUfdeS5K4thna3ZqIYO2IB0MGJViI6Cpk4oPOhL1dCDIMyrbtZJDag=="
      },
      "xunit": {
        "type": "Direct",
        "requested": "[2.6.6, )",
        "resolved": "2.6.6",
        "contentHash": "MAbOOMtZIKyn2lrAmMlvhX0BhDOX/smyrTB+8WTXnSKkrmTGBS2fm8g1PZtHBPj91Dc5DJA7fY+/81TJ/yUFZw==",
        "dependencies": {
          "xunit.analyzers": "1.10.0",
          "xunit.assert": "2.6.6",
          "xunit.core": "[2.6.6]"
        }
      },
      "xunit.runner.visualstudio": {
        "type": "Direct",
        "requested": "[2.5.6, )",
        "resolved": "2.5.6",
        "contentHash": "CW6uhMXNaQQNMSG1IWhHkBT+V5eqHqn7MP0zfNMhU9wS/sgKX7FGL3rzoaUgt26wkY3bpf7pDVw3IjXhwfiP4w=="
      },
      "XunitXml.TestLogger": {
        "type": "Direct",
        "requested": "[3.1.20, )",
        "resolved": "3.1.20",
        "contentHash": "4l8eILNiKFG1v8/eJ3VfAkjpZhIbbHTAB7sAVB0DwpMtLFx56+J1m29XvG2aa0RU49f32A00HW0uFzQFuCKCHg=="
      },
      "Microsoft.ApplicationInsights": {
        "type": "Transitive",
        "resolved": "2.21.0",
        "contentHash": "btZEDWAFNo9CoYliMCriSMTX3ruRGZTtYw4mo2XyyfLlowFicYVM2Xszi5evDG95QRYV7MbbH3D2RqVwfZlJHw==",
        "dependencies": {
          "System.Diagnostics.DiagnosticSource": "5.0.0"
        }
      },
      "Microsoft.CodeCoverage": {
        "type": "Transitive",
        "resolved": "17.9.0",
        "contentHash": "RGD37ZSrratfScYXm7M0HjvxMxZyWZL4jm+XgMZbkIY1UPgjUpbNA/t+WTGj/rC/0Hm9A3IrH3ywbKZkOCnoZA=="
      },
      "Microsoft.Testing.Extensions.Telemetry": {
        "type": "Transitive",
        "resolved": "1.0.0",
        "contentHash": "F3R3yjB93H3H0ak9DJm1W4lIhr9wxy/9n05eO8eKZpuHGsCyMj5qqLQOTxeGqUB0oG6Ok3FIvYxYZJa0GevshQ==",
        "dependencies": {
          "Microsoft.ApplicationInsights": "2.21.0",
          "Microsoft.Testing.Platform": "1.0.0"
        }
      },
      "Microsoft.Testing.Extensions.TrxReport.Abstractions": {
        "type": "Transitive",
        "resolved": "1.0.0",
        "contentHash": "wQObn9m3xV/JiSatHYqlJNuEnoe7C3yIzHtr5jACHS67Y0/gITTAHdzWw8MInd/HWj0uVT+LwbeP8JQhSh8quA==",
        "dependencies": {
          "Microsoft.Testing.Platform": "1.0.0"
        }
      },
      "Microsoft.Testing.Extensions.VSTestBridge": {
        "type": "Transitive",
        "resolved": "1.0.0",
        "contentHash": "aIZ5l/3+DwRn4lxcXXKfgVVg2aWRTmf9BhSZO+y9JkGa3TjtZkGLw4pDx/OHcj32cS/MqssXUAtMjLEZV31bqw==",
        "dependencies": {
          "Microsoft.TestPlatform.ObjectModel": "17.5.0",
          "Microsoft.Testing.Extensions.TrxReport.Abstractions": "1.0.0",
          "Microsoft.Testing.Platform": "1.0.0"
        }
      },
      "Microsoft.Testing.Platform": {
        "type": "Transitive",
        "resolved": "1.0.0",
        "contentHash": "HTiRQgiIOTOd9yihyIIsJzOI5ZXx0CwjNVzv0bdxd7s5Y8utVXUBUY+P8jD4KusY8CI9+9T87VE5MCx+N5SYsw=="
      },
      "Microsoft.Testing.Platform.MSBuild": {
        "type": "Transitive",
        "resolved": "1.0.0",
        "contentHash": "dw6Q3cVQELdj12ywijQwCIJmiwPRGMUyXlsao/M/uS3TuNg02JTazrTrY+O2GUi+2uvhCtLIc+sBQfvJ6GTAJw==",
        "dependencies": {
          "Microsoft.Testing.Platform": "1.0.0"
        }
      },
      "Microsoft.TestPlatform.ObjectModel": {
        "type": "Transitive",
        "resolved": "17.9.0",
        "contentHash": "1ilw/8vgmjLyKU+2SKXKXaOqpYFJCQfGqGz+x0cosl981VzjrY74Sv6qAJv+neZMZ9ZMxF3ArN6kotaQ4uvEBw==",
        "dependencies": {
          "System.Reflection.Metadata": "1.6.0"
        }
      },
      "Microsoft.TestPlatform.TestHost": {
        "type": "Transitive",
        "resolved": "17.9.0",
        "contentHash": "Spmg7Wx49Ya3SxBjyeAR+nQpjMTKZwTwpZ7KyeOTIqI/WHNPnBU4HUvl5kuHPQAwGWqMy4FGZja1HvEwvoaDiA==",
        "dependencies": {
          "Microsoft.TestPlatform.ObjectModel": "17.9.0",
          "Newtonsoft.Json": "13.0.1"
        }
      },
      "Newtonsoft.Json": {
        "type": "Transitive",
        "resolved": "13.0.1",
        "contentHash": "ppPFpBcvxdsfUonNcvITKqLl3bqxWbDCZIzDWHzjpdAHRFfZe0Dw9HmA0+za13IdyrgJwpkDTDA9fHaxOrt20A=="
      },
      "System.Diagnostics.DiagnosticSource": {
        "type": "Transitive",
        "resolved": "5.0.0",
        "contentHash": "tCQTzPsGZh/A9LhhA6zrqCRV4hOHsK90/G7q3Khxmn6tnB1PuNU0cRaKANP2AWcF9bn0zsuOoZOSrHuJk6oNBA=="
      },
      "System.Reflection.Metadata": {
        "type": "Transitive",
        "resolved": "1.6.0",
        "contentHash": "COC1aiAJjCoA5GBF+QKL2uLqEBew4JsCkQmoHKbN3TlOZKa2fKLz5CpiRQKDz0RsAOEGsVKqOD5bomsXq/4STQ=="
      },
      "xunit.abstractions": {
        "type": "Transitive",
        "resolved": "2.0.3",
        "contentHash": "pot1I4YOxlWjIb5jmwvvQNbTrZ3lJQ+jUGkGjWE3hEFM0l5gOnBWS+H3qsex68s5cO52g+44vpGzhAt+42vwKg=="
      },
      "xunit.analyzers": {
        "type": "Transitive",
        "resolved": "1.10.0",
        "contentHash": "Lw8CiDy5NaAWcO6keqD7iZHYUTIuCOcoFrUHw5Sv84ITZ9gFeDybdkVdH0Y2maSlP9fUjtENyiykT44zwFQIHA=="
      },
      "xunit.assert": {
        "type": "Transitive",
        "resolved": "2.6.6",
        "contentHash": "74Cm9lAZOk5TKCz2MvCBCByKsS23yryOKDIMxH3XRDHXmfGM02jKZWzRA7g4mGB41GnBnv/pcWP3vUYkrCtEcg=="
      },
      "xunit.core": {
        "type": "Transitive",
        "resolved": "2.6.6",
        "contentHash": "tqi7RfaNBqM7t8zx6QHryuBPzmotsZXKGaWnopQG2Ez5UV7JoWuyoNdT6gLpDIcKdGYey6YTXJdSr9IXDMKwjg==",
        "dependencies": {
          "xunit.extensibility.core": "[2.6.6]",
          "xunit.extensibility.execution": "[2.6.6]"
        }
      },
      "xunit.extensibility.core": {
        "type": "Transitive",
        "resolved": "2.6.6",
        "contentHash": "ty6VKByzbx4Toj4/VGJLEnlmOawqZiMv0in/tLju+ftA+lbWuAWDERM+E52Jfhj4ZYHrAYVa14KHK5T+dq0XxA==",
        "dependencies": {
          "xunit.abstractions": "2.0.3"
        }
      },
      "xunit.extensibility.execution": {
        "type": "Transitive",
        "resolved": "2.6.6",
        "contentHash": "UDjIVGj2TepVKN3n32/qXIdb3U6STwTb9L6YEwoQO2A8OxiJS5QAVv2l1aT6tDwwv/9WBmm8Khh/LyHALipcng==",
        "dependencies": {
          "xunit.extensibility.core": "[2.6.6]"
        }
      },
      "inkycal.models": {
        "type": "Project"
      }
    }
  }
}